
Microsoft Visual Studio Solution File, Format Version 12.00
# Visual Studio Version 16
VisualStudioVersion = 16.0.29009.5
MinimumVisualStudioVersion = 10.0.40219.1
Project("{2150E333-8FDC-42A3-9474-1A3956D46DE8}") = "tests", "tests", "{7BE026F2-8686-46A2-BD28-1553DCABA077}"
EndProject
Project("{2150E333-8FDC-42A3-9474-1A3956D46DE8}") = "samples", "samples", "{B4E1E895-034D-4F23-82CC-90405AFA1637}"
EndProject
Project("{FAE04EC0-301F-11D3-BF4B-00C04F79EFBC}") = "Tie.Silverlight", "Tie\Tie.Silverlight.csproj", "{3EC16DB8-1159-4E2C-A6FC-D4F737A6D1CE}"
EndProject
Project("{FAE04EC0-301F-11D3-BF4B-00C04F79EFBC}") = "Tie.Helper", "Tie.Helper\Tie.Helper.csproj", "{D57F9724-D273-4631-B068-72949A7BB8B3}"
EndProject
Project("{FAE04EC0-301F-11D3-BF4B-00C04F79EFBC}") = "Tie45", "Tie\Tie45.csproj", "{4832F819-7735-4B2A-A6C0-216EBC745676}"
EndProject
Project("{FAE04EC0-301F-11D3-BF4B-00C04F79EFBC}") = "Tie.Helper.Tests", "tests\Tie.Helper.Tests\Tie.Helper.Tests.csproj", "{DFE04763-A699-4933-8242-0F5448B029CA}"
EndProject
Project("{FAE04EC0-301F-11D3-BF4B-00C04F79EFBC}") = "Tie.Samples", "samples\Tie.Samples\Tie.Samples.csproj", "{73F63DE9-6E15-45A4-A3AC-72451B1F3542}"
EndProject
Project("{FAE04EC0-301F-11D3-BF4B-00C04F79EFBC}") = "Tie.Helper.Samples", "samples\Tie.Helper.Samples\Tie.Helper.Samples.csproj", "{1E30F183-FA33-4E2A-B338-55A006E5628F}"
EndProject
Project("{FAE04EC0-301F-11D3-BF4B-00C04F79EFBC}") = "Tie.Form.Samples", "samples\Tie.Form.Samples\Tie.Form.Samples.csproj", "{1CE0F362-4CA1-47A8-8B02-68768BEBA73E}"
EndProject
Project("{FAE04EC0-301F-11D3-BF4B-00C04F79EFBC}") = "Tie.Form.DataDriven", "samples\Tie.Form.DataDriven\Tie.Form.DataDriven.csproj", "{2B7B7F44-316A-46FD-A8D7-A26FDEC625EF}"
EndProject
Project("{FAE04EC0-301F-11D3-BF4B-00C04F79EFBC}") = "Tie.Form.SearchEngine", "samples\Tie.Form.SearchEngine\Tie.Form.SearchEngine.csproj", "{F88B10C7-8BA3-46F2-841D-B06EE2B922C9}"
EndProject
Project("{FAE04EC0-301F-11D3-BF4B-00C04F79EFBC}") = "Tie.Form.Subclass", "samples\Tie.Form.Subclass\Tie.Form.Subclass.csproj", "{AB20DF77-54E3-4538-962E-6CCC9C60E283}"
EndProject
Project("{FAE04EC0-301F-11D3-BF4B-00C04F79EFBC}") = "Tie.Wpf.SearchEngine", "samples\Tie.Wpf.SearchEngine\Tie.Wpf.SearchEngine.csproj", "{2C7E2BC0-2047-4BF6-B69A-A15CC7C49D13}"
EndProject
Project("{2150E333-8FDC-42A3-9474-1A3956D46DE8}") = ".nuget", ".nuget", "{0303BB39-39B7-4075-BBF5-83E37332132A}"
	ProjectSection(SolutionItems) = preProject
		.nuget\NuGet.exe = .nuget\NuGet.exe
	EndProjectSection
EndProject
Project("{FAE04EC0-301F-11D3-BF4B-00C04F79EFBC}") = "Tie.Tests", "tests\Tie.Tests\Tie.Tests.csproj", "{5FC0F49D-2765-47F6-8FA0-2E8422A9CAB3}"
EndProject
Project("{FAE04EC0-301F-11D3-BF4B-00C04F79EFBC}") = "Tie.UnitTest", "tests\Tie.UnitTest\Tie.UnitTest.csproj", "{77E4EE61-D572-423B-8E14-6855CD01861A}"
EndProject
Project("{FAE04EC0-301F-11D3-BF4B-00C04F79EFBC}") = "Tie.UnitTest.NET4", "tests\Tie.UnitTest.NET4\Tie.UnitTest.NET4.csproj", "{A2344F8A-4A9B-445C-BCB2-13977D6DF96D}"
EndProject
Project("{9A19103F-16F7-4668-BE54-9A1E7A4F7556}") = "Tie-Standard2.0", "Tie-Standard2.0\Tie-Standard2.0.csproj", "{DE69D1F5-F35D-4010-AA0D-A51C4554E276}"
EndProject
Project("{FAE04EC0-301F-11D3-BF4B-00C04F79EFBC}") = "Tie.Interpreter", "Tie.Interpreter\Tie.Interpreter.csproj", "{C1BD2ED1-D5CB-4B29-AB82-AACBB5519A7B}"
EndProject
Global
	GlobalSection(SolutionConfigurationPlatforms) = preSolution
		Debug|Any CPU = Debug|Any CPU
		Release|Any CPU = Release|Any CPU
	EndGlobalSection
	GlobalSection(ProjectConfigurationPlatforms) = postSolution
		{3EC16DB8-1159-4E2C-A6FC-D4F737A6D1CE}.Debug|Any CPU.ActiveCfg = Debug|Any CPU
		{3EC16DB8-1159-4E2C-A6FC-D4F737A6D1CE}.Debug|Any CPU.Build.0 = Debug|Any CPU
		{3EC16DB8-1159-4E2C-A6FC-D4F737A6D1CE}.Release|Any CPU.ActiveCfg = Release|Any CPU
		{3EC16DB8-1159-4E2C-A6FC-D4F737A6D1CE}.Release|Any CPU.Build.0 = Release|Any CPU
		{D57F9724-D273-4631-B068-72949A7BB8B3}.Debug|Any CPU.ActiveCfg = Debug|Any CPU
		{D57F9724-D273-4631-B068-72949A7BB8B3}.Debug|Any CPU.Build.0 = Debug|Any CPU
		{D57F9724-D273-4631-B068-72949A7BB8B3}.Debug|Any CPU.Deploy.0 = Debug|Any CPU
		{D57F9724-D273-4631-B068-72949A7BB8B3}.Release|Any CPU.ActiveCfg = Release|Any CPU
		{D57F9724-D273-4631-B068-72949A7BB8B3}.Release|Any CPU.Build.0 = Release|Any CPU
		{4832F819-7735-4B2A-A6C0-216EBC745676}.Debug|Any CPU.ActiveCfg = Debug|Any CPU
		{4832F819-7735-4B2A-A6C0-216EBC745676}.Debug|Any CPU.Build.0 = Debug|Any CPU
		{4832F819-7735-4B2A-A6C0-216EBC745676}.Release|Any CPU.ActiveCfg = Release|Any CPU
		{4832F819-7735-4B2A-A6C0-216EBC745676}.Release|Any CPU.Build.0 = Release|Any CPU
		{DFE04763-A699-4933-8242-0F5448B029CA}.Debug|Any CPU.ActiveCfg = Debug|Any CPU
		{DFE04763-A699-4933-8242-0F5448B029CA}.Debug|Any CPU.Build.0 = Debug|Any CPU
		{DFE04763-A699-4933-8242-0F5448B029CA}.Debug|Any CPU.Deploy.0 = Debug|Any CPU
		{DFE04763-A699-4933-8242-0F5448B029CA}.Release|Any CPU.ActiveCfg = Release|Any CPU
		{DFE04763-A699-4933-8242-0F5448B029CA}.Release|Any CPU.Build.0 = Release|Any CPU
		{73F63DE9-6E15-45A4-A3AC-72451B1F3542}.Debug|Any CPU.ActiveCfg = Debug|Any CPU
		{73F63DE9-6E15-45A4-A3AC-72451B1F3542}.Debug|Any CPU.Build.0 = Debug|Any CPU
		{73F63DE9-6E15-45A4-A3AC-72451B1F3542}.Release|Any CPU.ActiveCfg = Release|Any CPU
		{73F63DE9-6E15-45A4-A3AC-72451B1F3542}.Release|Any CPU.Build.0 = Release|Any CPU
		{73F63DE9-6E15-45A4-A3AC-72451B1F3542}.Release|Any CPU.Deploy.0 = Release|Any CPU
		{1E30F183-FA33-4E2A-B338-55A006E5628F}.Debug|Any CPU.ActiveCfg = Debug|Any CPU
		{1E30F183-FA33-4E2A-B338-55A006E5628F}.Debug|Any CPU.Build.0 = Debug|Any CPU
		{1E30F183-FA33-4E2A-B338-55A006E5628F}.Release|Any CPU.ActiveCfg = Release|Any CPU
		{1E30F183-FA33-4E2A-B338-55A006E5628F}.Release|Any CPU.Build.0 = Release|Any CPU
		{1CE0F362-4CA1-47A8-8B02-68768BEBA73E}.Debug|Any CPU.ActiveCfg = Debug|Any CPU
		{1CE0F362-4CA1-47A8-8B02-68768BEBA73E}.Debug|Any CPU.Build.0 = Debug|Any CPU
		{1CE0F362-4CA1-47A8-8B02-68768BEBA73E}.Release|Any CPU.ActiveCfg = Release|Any CPU
		{1CE0F362-4CA1-47A8-8B02-68768BEBA73E}.Release|Any CPU.Build.0 = Release|Any CPU
		{2B7B7F44-316A-46FD-A8D7-A26FDEC625EF}.Debug|Any CPU.ActiveCfg = Debug|Any CPU
		{2B7B7F44-316A-46FD-A8D7-A26FDEC625EF}.Debug|Any CPU.Build.0 = Debug|Any CPU
		{2B7B7F44-316A-46FD-A8D7-A26FDEC625EF}.Release|Any CPU.ActiveCfg = Release|Any CPU
		{2B7B7F44-316A-46FD-A8D7-A26FDEC625EF}.Release|Any CPU.Build.0 = Release|Any CPU
		{F88B10C7-8BA3-46F2-841D-B06EE2B922C9}.Debug|Any CPU.ActiveCfg = Debug|Any CPU
		{F88B10C7-8BA3-46F2-841D-B06EE2B922C9}.Debug|Any CPU.Build.0 = Debug|Any CPU
		{F88B10C7-8BA3-46F2-841D-B06EE2B922C9}.Debug|Any CPU.Deploy.0 = Debug|Any CPU
		{F88B10C7-8BA3-46F2-841D-B06EE2B922C9}.Release|Any CPU.ActiveCfg = Release|Any CPU
		{F88B10C7-8BA3-46F2-841D-B06EE2B922C9}.Release|Any CPU.Build.0 = Release|Any CPU
		{AB20DF77-54E3-4538-962E-6CCC9C60E283}.Debug|Any CPU.ActiveCfg = Debug|Any CPU
		{AB20DF77-54E3-4538-962E-6CCC9C60E283}.Debug|Any CPU.Build.0 = Debug|Any CPU
		{AB20DF77-54E3-4538-962E-6CCC9C60E283}.Release|Any CPU.ActiveCfg = Release|Any CPU
		{AB20DF77-54E3-4538-962E-6CCC9C60E283}.Release|Any CPU.Build.0 = Release|Any CPU
		{2C7E2BC0-2047-4BF6-B69A-A15CC7C49D13}.Debug|Any CPU.ActiveCfg = Debug|Any CPU
		{2C7E2BC0-2047-4BF6-B69A-A15CC7C49D13}.Debug|Any CPU.Build.0 = Debug|Any CPU
		{2C7E2BC0-2047-4BF6-B69A-A15CC7C49D13}.Debug|Any CPU.Deploy.0 = Debug|Any CPU
		{2C7E2BC0-2047-4BF6-B69A-A15CC7C49D13}.Release|Any CPU.ActiveCfg = Release|Any CPU
		{2C7E2BC0-2047-4BF6-B69A-A15CC7C49D13}.Release|Any CPU.Build.0 = Release|Any CPU
		{5FC0F49D-2765-47F6-8FA0-2E8422A9CAB3}.Debug|Any CPU.ActiveCfg = Debug|Any CPU
		{5FC0F49D-2765-47F6-8FA0-2E8422A9CAB3}.Debug|Any CPU.Build.0 = Debug|Any CPU
		{5FC0F49D-2765-47F6-8FA0-2E8422A9CAB3}.Release|Any CPU.ActiveCfg = Release|Any CPU
		{5FC0F49D-2765-47F6-8FA0-2E8422A9CAB3}.Release|Any CPU.Build.0 = Release|Any CPU
		{77E4EE61-D572-423B-8E14-6855CD01861A}.Debug|Any CPU.ActiveCfg = Debug|Any CPU
		{77E4EE61-D572-423B-8E14-6855CD01861A}.Debug|Any CPU.Build.0 = Debug|Any CPU
		{77E4EE61-D572-423B-8E14-6855CD01861A}.Debug|Any CPU.Deploy.0 = Debug|Any CPU
		{77E4EE61-D572-423B-8E14-6855CD01861A}.Release|Any CPU.ActiveCfg = Release|Any CPU
		{77E4EE61-D572-423B-8E14-6855CD01861A}.Release|Any CPU.Build.0 = Release|Any CPU
		{A2344F8A-4A9B-445C-BCB2-13977D6DF96D}.Debug|Any CPU.ActiveCfg = Debug|Any CPU
		{A2344F8A-4A9B-445C-BCB2-13977D6DF96D}.Debug|Any CPU.Build.0 = Debug|Any CPU
		{A2344F8A-4A9B-445C-BCB2-13977D6DF96D}.Release|Any CPU.ActiveCfg = Release|Any CPU
		{A2344F8A-4A9B-445C-BCB2-13977D6DF96D}.Release|Any CPU.Build.0 = Release|Any CPU
		{DE69D1F5-F35D-4010-AA0D-A51C4554E276}.Debug|Any CPU.ActiveCfg = Debug|Any CPU
		{DE69D1F5-F35D-4010-AA0D-A51C4554E276}.Debug|Any CPU.Build.0 = Debug|Any CPU
		{DE69D1F5-F35D-4010-AA0D-A51C4554E276}.Release|Any CPU.ActiveCfg = Release|Any CPU
		{DE69D1F5-F35D-4010-AA0D-A51C4554E276}.Release|Any CPU.Build.0 = Release|Any CPU
		{C1BD2ED1-D5CB-4B29-AB82-AACBB5519A7B}.Debug|Any CPU.ActiveCfg = Debug|Any CPU
		{C1BD2ED1-D5CB-4B29-AB82-AACBB5519A7B}.Debug|Any CPU.Build.0 = Debug|Any CPU
		{C1BD2ED1-D5CB-4B29-AB82-AACBB5519A7B}.Release|Any CPU.ActiveCfg = Release|Any CPU
		{C1BD2ED1-D5CB-4B29-AB82-AACBB5519A7B}.Release|Any CPU.Build.0 = Release|Any CPU
	EndGlobalSection
	GlobalSection(SolutionProperties) = preSolution
		HideSolutionNode = FALSE
	EndGlobalSection
	GlobalSection(NestedProjects) = preSolution
		{DFE04763-A699-4933-8242-0F5448B029CA} = {7BE026F2-8686-46A2-BD28-1553DCABA077}
		{73F63DE9-6E15-45A4-A3AC-72451B1F3542} = {B4E1E895-034D-4F23-82CC-90405AFA1637}
		{1E30F183-FA33-4E2A-B338-55A006E5628F} = {B4E1E895-034D-4F23-82CC-90405AFA1637}
		{1CE0F362-4CA1-47A8-8B02-68768BEBA73E} = {B4E1E895-034D-4F23-82CC-90405AFA1637}
		{2B7B7F44-316A-46FD-A8D7-A26FDEC625EF} = {B4E1E895-034D-4F23-82CC-90405AFA1637}
		{F88B10C7-8BA3-46F2-841D-B06EE2B922C9} = {B4E1E895-034D-4F23-82CC-90405AFA1637}
		{AB20DF77-54E3-4538-962E-6CCC9C60E283} = {B4E1E895-034D-4F23-82CC-90405AFA1637}
		{2C7E2BC0-2047-4BF6-B69A-A15CC7C49D13} = {B4E1E895-034D-4F23-82CC-90405AFA1637}
		{5FC0F49D-2765-47F6-8FA0-2E8422A9CAB3} = {7BE026F2-8686-46A2-BD28-1553DCABA077}
		{77E4EE61-D572-423B-8E14-6855CD01861A} = {7BE026F2-8686-46A2-BD28-1553DCABA077}
		{A2344F8A-4A9B-445C-BCB2-13977D6DF96D} = {7BE026F2-8686-46A2-BD28-1553DCABA077}
	EndGlobalSection
	GlobalSection(ExtensibilityGlobals) = postSolution
		SolutionGuid = {318DD879-AEE1-415D-8E8A-81ACB4A4533B}
	EndGlobalSection
EndGlobal
